
Microsoft Visual Studio Solution File, Format Version 12.00
# Visual Studio 15
VisualStudioVersion = 15.0.28307.421
MinimumVisualStudioVersion = 10.0.40219.1
Project("{9A19103F-16F7-4668-BE54-9A1E7A4F7556}") = "Spiritmonger", "Spiritmonger\Spiritmonger.csproj", "{6666B1E8-161B-4FBB-BE99-D01F3382721D}"
EndProject
Project("{2150E333-8FDC-42A3-9474-1A3956D46DE8}") = "src", "src", "{2BA30AB0-000E-4A12-90A5-1FA4DAC6A8C6}"
EndProject
Project("{2150E333-8FDC-42A3-9474-1A3956D46DE8}") = "external", "external", "{91018A5A-A3FB-4269-AFB6-DD7E327FE782}"
EndProject
Project("{9A19103F-16F7-4668-BE54-9A1E7A4F7556}") = "MtgApiManager.Lib", "src\external\MtgApiManager.Lib\MtgApiManager.Lib.csproj", "{3E0D0366-E14B-403E-BB90-5CF0A0FB5ECB}"
EndProject
Project("{2150E333-8FDC-42A3-9474-1A3956D46DE8}") = "core", "core", "{C0F849BF-3BFE-4424-BECC-7F4190AF80AC}"
EndProject
Project("{2150E333-8FDC-42A3-9474-1A3956D46DE8}") = "data", "data", "{3851C07D-ABB8-4B29-BFC4-D08CBF003687}"
EndProject
Project("{2150E333-8FDC-42A3-9474-1A3956D46DE8}") = "web", "web", "{81F724BE-66C2-49F2-961B-AE32D8A18A41}"
EndProject
Project("{2150E333-8FDC-42A3-9474-1A3956D46DE8}") = "cmon", "cmon", "{7F8CE85F-2802-42A8-A960-0F3CF697821B}"
EndProject
Project("{9A19103F-16F7-4668-BE54-9A1E7A4F7556}") = "Spiritmonger.Cmon", "src\cmon\Spiritmonger.Cmon\Spiritmonger.Cmon.csproj", "{F7939BDB-2F32-4A6A-944C-2985DE01DA51}"
EndProject
Project("{9A19103F-16F7-4668-BE54-9A1E7A4F7556}") = "Spiritmonger.Core", "src\core\Spiritmonger.Core\Spiritmonger.Core.csproj", "{2B77589C-334E-46DA-9CD6-BB3B09683271}"
EndProject
Project("{9A19103F-16F7-4668-BE54-9A1E7A4F7556}") = "Spiritmonger.Core.Contracts", "src\core\Spiritmonger.Core.Contracts\Spiritmonger.Core.Contracts.csproj", "{0EFA93C4-1812-4785-BD88-A99A47B57007}"
EndProject
Project("{9A19103F-16F7-4668-BE54-9A1E7A4F7556}") = "Spiritmonger.Mapping", "src\core\Spiritmonger.Mapping\Spiritmonger.Mapping.csproj", "{7E8E9FC3-8248-4E84-986F-24B0FBD36F64}"
EndProject
Project("{9A19103F-16F7-4668-BE54-9A1E7A4F7556}") = "Spiritmonger.Domain", "src\data\Spiritmonger.Domain\Spiritmonger.Domain.csproj", "{6E4D5E46-960C-4D4B-9E2B-69667709B349}"
EndProject
Project("{9A19103F-16F7-4668-BE54-9A1E7A4F7556}") = "Spiritmonger.Persistence", "src\data\Spiritmonger.Persistence\Spiritmonger.Persistence.csproj", "{7784B9D5-C04F-4832-B498-BCBD8C3ACF17}"
EndProject
Project("{9A19103F-16F7-4668-BE54-9A1E7A4F7556}") = "Spiritmonger.Api", "src\web\Spiritmonger.Api\Spiritmonger.Api.csproj", "{AE6BDDE9-02B3-48FA-B77F-650436D50C07}"
EndProject
Project("{FAE04EC0-301F-11D3-BF4B-00C04F79EFBC}") = "Spiritmonger.Persistence.Contracts", "src\data\Spiritmonger.Persistence.Contracts\Spiritmonger.Persistence.Contracts.csproj", "{B308118B-7B85-48FE-B503-E0CC00DE7C26}"
EndProject
Global
	GlobalSection(SolutionConfigurationPlatforms) = preSolution
		Debug|Any CPU = Debug|Any CPU
		Release|Any CPU = Release|Any CPU
	EndGlobalSection
	GlobalSection(ProjectConfigurationPlatforms) = postSolution
		{6666B1E8-161B-4FBB-BE99-D01F3382721D}.Debug|Any CPU.ActiveCfg = Debug|Any CPU
		{6666B1E8-161B-4FBB-BE99-D01F3382721D}.Debug|Any CPU.Build.0 = Debug|Any CPU
		{6666B1E8-161B-4FBB-BE99-D01F3382721D}.Release|Any CPU.ActiveCfg = Release|Any CPU
		{6666B1E8-161B-4FBB-BE99-D01F3382721D}.Release|Any CPU.Build.0 = Release|Any CPU
		{3E0D0366-E14B-403E-BB90-5CF0A0FB5ECB}.Debug|Any CPU.ActiveCfg = Debug|Any CPU
		{3E0D0366-E14B-403E-BB90-5CF0A0FB5ECB}.Debug|Any CPU.Build.0 = Debug|Any CPU
		{3E0D0366-E14B-403E-BB90-5CF0A0FB5ECB}.Release|Any CPU.ActiveCfg = Release|Any CPU
		{3E0D0366-E14B-403E-BB90-5CF0A0FB5ECB}.Release|Any CPU.Build.0 = Release|Any CPU
		{F7939BDB-2F32-4A6A-944C-2985DE01DA51}.Debug|Any CPU.ActiveCfg = Debug|Any CPU
		{F7939BDB-2F32-4A6A-944C-2985DE01DA51}.Debug|Any CPU.Build.0 = Debug|Any CPU
		{F7939BDB-2F32-4A6A-944C-2985DE01DA51}.Release|Any CPU.ActiveCfg = Release|Any CPU
		{F7939BDB-2F32-4A6A-944C-2985DE01DA51}.Release|Any CPU.Build.0 = Release|Any CPU
		{2B77589C-334E-46DA-9CD6-BB3B09683271}.Debug|Any CPU.ActiveCfg = Debug|Any CPU
		{2B77589C-334E-46DA-9CD6-BB3B09683271}.Debug|Any CPU.Build.0 = Debug|Any CPU
		{2B77589C-334E-46DA-9CD6-BB3B09683271}.Release|Any CPU.ActiveCfg = Release|Any CPU
		{2B77589C-334E-46DA-9CD6-BB3B09683271}.Release|Any CPU.Build.0 = Release|Any CPU
		{0EFA93C4-1812-4785-BD88-A99A47B57007}.Debug|Any CPU.ActiveCfg = Debug|Any CPU
		{0EFA93C4-1812-4785-BD88-A99A47B57007}.Debug|Any CPU.Build.0 = Debug|Any CPU
		{0EFA93C4-1812-4785-BD88-A99A47B57007}.Release|Any CPU.ActiveCfg = Release|Any CPU
		{0EFA93C4-1812-4785-BD88-A99A47B57007}.Release|Any CPU.Build.0 = Release|Any CPU
		{7E8E9FC3-8248-4E84-986F-24B0FBD36F64}.Debug|Any CPU.ActiveCfg = Debug|Any CPU
		{7E8E9FC3-8248-4E84-986F-24B0FBD36F64}.Debug|Any CPU.Build.0 = Debug|Any CPU
		{7E8E9FC3-8248-4E84-986F-24B0FBD36F64}.Release|Any CPU.ActiveCfg = Release|Any CPU
		{7E8E9FC3-8248-4E84-986F-24B0FBD36F64}.Release|Any CPU.Build.0 = Release|Any CPU
		{6E4D5E46-960C-4D4B-9E2B-69667709B349}.Debug|Any CPU.ActiveCfg = Debug|Any CPU
		{6E4D5E46-960C-4D4B-9E2B-69667709B349}.Debug|Any CPU.Build.0 = Debug|Any CPU
		{6E4D5E46-960C-4D4B-9E2B-69667709B349}.Release|Any CPU.ActiveCfg = Release|Any CPU
		{6E4D5E46-960C-4D4B-9E2B-69667709B349}.Release|Any CPU.Build.0 = Release|Any CPU
		{7784B9D5-C04F-4832-B498-BCBD8C3ACF17}.Debug|Any CPU.ActiveCfg = Debug|Any CPU
		{7784B9D5-C04F-4832-B498-BCBD8C3ACF17}.Debug|Any CPU.Build.0 = Debug|Any CPU
		{7784B9D5-C04F-4832-B498-BCBD8C3ACF17}.Release|Any CPU.ActiveCfg = Release|Any CPU
		{7784B9D5-C04F-4832-B498-BCBD8C3ACF17}.Release|Any CPU.Build.0 = Release|Any CPU
		{AE6BDDE9-02B3-48FA-B77F-650436D50C07}.Debug|Any CPU.ActiveCfg = Debug|Any CPU
		{AE6BDDE9-02B3-48FA-B77F-650436D50C07}.Debug|Any CPU.Build.0 = Debug|Any CPU
		{AE6BDDE9-02B3-48FA-B77F-650436D50C07}.Release|Any CPU.ActiveCfg = Release|Any CPU
		{AE6BDDE9-02B3-48FA-B77F-650436D50C07}.Release|Any CPU.Build.0 = Release|Any CPU
		{B308118B-7B85-48FE-B503-E0CC00DE7C26}.Debug|Any CPU.ActiveCfg = Debug|Any CPU
		{B308118B-7B85-48FE-B503-E0CC00DE7C26}.Debug|Any CPU.Build.0 = Debug|Any CPU
		{B308118B-7B85-48FE-B503-E0CC00DE7C26}.Release|Any CPU.ActiveCfg = Release|Any CPU
		{B308118B-7B85-48FE-B503-E0CC00DE7C26}.Release|Any CPU.Build.0 = Release|Any CPU
	EndGlobalSection
	GlobalSection(SolutionProperties) = preSolution
		HideSolutionNode = FALSE
	EndGlobalSection
	GlobalSection(NestedProjects) = preSolution
		{91018A5A-A3FB-4269-AFB6-DD7E327FE782} = {2BA30AB0-000E-4A12-90A5-1FA4DAC6A8C6}
		{3E0D0366-E14B-403E-BB90-5CF0A0FB5ECB} = {91018A5A-A3FB-4269-AFB6-DD7E327FE782}
		{C0F849BF-3BFE-4424-BECC-7F4190AF80AC} = {2BA30AB0-000E-4A12-90A5-1FA4DAC6A8C6}
		{3851C07D-ABB8-4B29-BFC4-D08CBF003687} = {2BA30AB0-000E-4A12-90A5-1FA4DAC6A8C6}
		{81F724BE-66C2-49F2-961B-AE32D8A18A41} = {2BA30AB0-000E-4A12-90A5-1FA4DAC6A8C6}
		{7F8CE85F-2802-42A8-A960-0F3CF697821B} = {2BA30AB0-000E-4A12-90A5-1FA4DAC6A8C6}
		{F7939BDB-2F32-4A6A-944C-2985DE01DA51} = {7F8CE85F-2802-42A8-A960-0F3CF697821B}
		{2B77589C-334E-46DA-9CD6-BB3B09683271} = {C0F849BF-3BFE-4424-BECC-7F4190AF80AC}
		{0EFA93C4-1812-4785-BD88-A99A47B57007} = {C0F849BF-3BFE-4424-BECC-7F4190AF80AC}
		{7E8E9FC3-8248-4E84-986F-24B0FBD36F64} = {C0F849BF-3BFE-4424-BECC-7F4190AF80AC}
		{6E4D5E46-960C-4D4B-9E2B-69667709B349} = {3851C07D-ABB8-4B29-BFC4-D08CBF003687}
		{7784B9D5-C04F-4832-B498-BCBD8C3ACF17} = {3851C07D-ABB8-4B29-BFC4-D08CBF003687}
		{AE6BDDE9-02B3-48FA-B77F-650436D50C07} = {81F724BE-66C2-49F2-961B-AE32D8A18A41}
		{B308118B-7B85-48FE-B503-E0CC00DE7C26} = {3851C07D-ABB8-4B29-BFC4-D08CBF003687}
	EndGlobalSection
	GlobalSection(ExtensibilityGlobals) = postSolution
		SolutionGuid = {E5AD757D-9A20-42C9-B187-8E31920E9B11}
	EndGlobalSection
EndGlobal
